
Microsoft Visual Studio Solution File, Format Version 12.00
# Visual Studio 2013
VisualStudioVersion = 12.0.40629.0
MinimumVisualStudioVersion = 10.0.40219.1
Project("{FAE04EC0-301F-11D3-BF4B-00C04F79EFBC}") = "StorageManager", "StorageManager\StorageManager.csproj", "{193A376E-129F-44FB-AD63-BC8AC8C15933}"
EndProject
Project("{FAE04EC0-301F-11D3-BF4B-00C04F79EFBC}") = "StorageHelper", "StorageHelper\StorageHelper.csproj", "{679E527C-159C-4F30-A916-B13B4020572E}"
EndProject
Project("{2150E333-8FDC-42A3-9474-1A3956D46DE8}") = ".nuget", ".nuget", "{EC247BC2-8DA2-4407-9825-92C7FB5AAE84}"
	ProjectSection(SolutionItems) = preProject
		.nuget\NuGet.Config = .nuget\NuGet.Config
		.nuget\NuGet.exe = .nuget\NuGet.exe
		.nuget\NuGet.targets = .nuget\NuGet.targets
	EndProjectSection
EndProject
Global
	GlobalSection(SolutionConfigurationPlatforms) = preSolution
		AZURE|Any CPU = AZURE|Any CPU
		Debug|Any CPU = Debug|Any CPU
		GOV|Any CPU = GOV|Any CPU
		Release|Any CPU = Release|Any CPU
	EndGlobalSection
	GlobalSection(ProjectConfigurationPlatforms) = postSolution
		{193A376E-129F-44FB-AD63-BC8AC8C15933}.AZURE|Any CPU.ActiveCfg = AZURE|Any CPU
		{193A376E-129F-44FB-AD63-BC8AC8C15933}.AZURE|Any CPU.Build.0 = AZURE|Any CPU
		{193A376E-129F-44FB-AD63-BC8AC8C15933}.Debug|Any CPU.ActiveCfg = Debug|Any CPU
		{193A376E-129F-44FB-AD63-BC8AC8C15933}.Debug|Any CPU.Build.0 = Debug|Any CPU
		{193A376E-129F-44FB-AD63-BC8AC8C15933}.GOV|Any CPU.ActiveCfg = GOV|Any CPU
		{193A376E-129F-44FB-AD63-BC8AC8C15933}.GOV|Any CPU.Build.0 = GOV|Any CPU
		{193A376E-129F-44FB-AD63-BC8AC8C15933}.Release|Any CPU.ActiveCfg = Release|Any CPU
		{193A376E-129F-44FB-AD63-BC8AC8C15933}.Release|Any CPU.Build.0 = Release|Any CPU
		{679E527C-159C-4F30-A916-B13B4020572E}.AZURE|Any CPU.ActiveCfg = AZURE|Any CPU
		{679E527C-159C-4F30-A916-B13B4020572E}.AZURE|Any CPU.Build.0 = AZURE|Any CPU
		{679E527C-159C-4F30-A916-B13B4020572E}.Debug|Any CPU.ActiveCfg = Debug|Any CPU
		{679E527C-159C-4F30-A916-B13B4020572E}.Debug|Any CPU.Build.0 = Debug|Any CPU
		{679E527C-159C-4F30-A916-B13B4020572E}.GOV|Any CPU.ActiveCfg = GOV|Any CPU
		{679E527C-159C-4F30-A916-B13B4020572E}.GOV|Any CPU.Build.0 = GOV|Any CPU
		{679E527C-159C-4F30-A916-B13B4020572E}.Release|Any CPU.ActiveCfg = Release|Any CPU
		{679E527C-159C-4F30-A916-B13B4020572E}.Release|Any CPU.Build.0 = Release|Any CPU
	EndGlobalSection
	GlobalSection(SolutionProperties) = preSolution
		HideSolutionNode = FALSE
	EndGlobalSection
EndGlobal
